
Microsoft Visual Studio Solution File, Format Version 12.00
# Visual Studio 15
VisualStudioVersion = 15.0.27729.1
MinimumVisualStudioVersion = 10.0.40219.1
Project("{FAE04EC0-301F-11D3-BF4B-00C04F79EFBC}") = "ChromaQi", "ChromaQi\ChromaQi.csproj", "{B37587E0-C620-4929-AC4C-0D6B668D25CA}"
EndProject
Project("{8BC9CEB8-8B4A-11D0-8D11-00A0C91BC942}") = "CustomCursors", "CustomCursors\CustomCursors.vcxproj", "{25150830-776A-4A93-8347-75D776AEEFEB}"
EndProject
Global
	GlobalSection(SolutionConfigurationPlatforms) = preSolution
		Debug|Any CPU = Debug|Any CPU
		Debug|ARM = Debug|ARM
		Debug|x64 = Debug|x64
		Debug|x86 = Debug|x86
		Release|Any CPU = Release|Any CPU
		Release|ARM = Release|ARM
		Release|x64 = Release|x64
		Release|x86 = Release|x86
	EndGlobalSection
	GlobalSection(ProjectConfigurationPlatforms) = postSolution
		{B37587E0-C620-4929-AC4C-0D6B668D25CA}.Debug|Any CPU.ActiveCfg = Debug|x86
		{B37587E0-C620-4929-AC4C-0D6B668D25CA}.Debug|ARM.ActiveCfg = Debug|ARM
		{B37587E0-C620-4929-AC4C-0D6B668D25CA}.Debug|ARM.Build.0 = Debug|ARM
		{B37587E0-C620-4929-AC4C-0D6B668D25CA}.Debug|ARM.Deploy.0 = Debug|ARM
		{B37587E0-C620-4929-AC4C-0D6B668D25CA}.Debug|x64.ActiveCfg = Debug|x64
		{B37587E0-C620-4929-AC4C-0D6B668D25CA}.Debug|x64.Build.0 = Debug|x64
		{B37587E0-C620-4929-AC4C-0D6B668D25CA}.Debug|x64.Deploy.0 = Debug|x64
		{B37587E0-C620-4929-AC4C-0D6B668D25CA}.Debug|x86.ActiveCfg = Debug|x86
		{B37587E0-C620-4929-AC4C-0D6B668D25CA}.Debug|x86.Build.0 = Debug|x86
		{B37587E0-C620-4929-AC4C-0D6B668D25CA}.Debug|x86.Deploy.0 = Debug|x86
		{B37587E0-C620-4929-AC4C-0D6B668D25CA}.Release|Any CPU.ActiveCfg = Release|x86
		{B37587E0-C620-4929-AC4C-0D6B668D25CA}.Release|ARM.ActiveCfg = Release|ARM
		{B37587E0-C620-4929-AC4C-0D6B668D25CA}.Release|ARM.Build.0 = Release|ARM
		{B37587E0-C620-4929-AC4C-0D6B668D25CA}.Release|ARM.Deploy.0 = Release|ARM
		{B37587E0-C620-4929-AC4C-0D6B668D25CA}.Release|x64.ActiveCfg = Release|x64
		{B37587E0-C620-4929-AC4C-0D6B668D25CA}.Release|x64.Build.0 = Release|x64
		{B37587E0-C620-4929-AC4C-0D6B668D25CA}.Release|x64.Deploy.0 = Release|x64
		{B37587E0-C620-4929-AC4C-0D6B668D25CA}.Release|x86.ActiveCfg = Release|x86
		{B37587E0-C620-4929-AC4C-0D6B668D25CA}.Release|x86.Build.0 = Release|x86
		{B37587E0-C620-4929-AC4C-0D6B668D25CA}.Release|x86.Deploy.0 = Release|x86
		{25150830-776A-4A93-8347-75D776AEEFEB}.Debug|Any CPU.ActiveCfg = Debug|Win32
		{25150830-776A-4A93-8347-75D776AEEFEB}.Debug|ARM.ActiveCfg = Debug|ARM
		{25150830-776A-4A93-8347-75D776AEEFEB}.Debug|ARM.Build.0 = Debug|ARM
		{25150830-776A-4A93-8347-75D776AEEFEB}.Debug|x64.ActiveCfg = Debug|x64
		{25150830-776A-4A93-8347-75D776AEEFEB}.Debug|x64.Build.0 = Debug|x64
		{25150830-776A-4A93-8347-75D776AEEFEB}.Debug|x86.ActiveCfg = Debug|Win32
		{25150830-776A-4A93-8347-75D776AEEFEB}.Debug|x86.Build.0 = Debug|Win32
		{25150830-776A-4A93-8347-75D776AEEFEB}.Release|Any CPU.ActiveCfg = Release|Win32
		{25150830-776A-4A93-8347-75D776AEEFEB}.Release|ARM.ActiveCfg = Release|ARM
		{25150830-776A-4A93-8347-75D776AEEFEB}.Release|ARM.Build.0 = Release|ARM
		{25150830-776A-4A93-8347-75D776AEEFEB}.Release|x64.ActiveCfg = Release|x64
		{25150830-776A-4A93-8347-75D776AEEFEB}.Release|x64.Build.0 = Release|x64
		{25150830-776A-4A93-8347-75D776AEEFEB}.Release|x86.ActiveCfg = Release|Win32
		{25150830-776A-4A93-8347-75D776AEEFEB}.Release|x86.Build.0 = Release|Win32
	EndGlobalSection
	GlobalSection(SolutionProperties) = preSolution
		HideSolutionNode = FALSE
	EndGlobalSection
	GlobalSection(ExtensibilityGlobals) = postSolution
		SolutionGuid = {388F9D44-D3DF-43DE-AEB0-6DB248D66DE7}
	EndGlobalSection
EndGlobal
